// !$*UTF8*$!
{
	archiveVersion = 1;
	classes = {
	};
	objectVersion = 56;
	objects = {

/* Begin PBXBuildFile section */
		C01C7B8F2C2E8689009B43E9 /* Episodes.swift in Sources */ = {isa = PBXBuildFile; fileRef = C01C7B8E2C2E8689009B43E9 /* Episodes.swift */; };
		C01C7B932C2E9B8D009B43E9 /* EpisodeView.swift in Sources */ = {isa = PBXBuildFile; fileRef = C01C7B922C2E9B8D009B43E9 /* EpisodeView.swift */; };
		C01C7B952C2EA637009B43E9 /* TabBar.swift in Sources */ = {isa = PBXBuildFile; fileRef = C01C7B942C2EA637009B43E9 /* TabBar.swift */; };
		C01C7B972C2EAA4F009B43E9 /* CustomTabView.swift in Sources */ = {isa = PBXBuildFile; fileRef = C01C7B962C2EAA4F009B43E9 /* CustomTabView.swift */; };
		C01C7B992C2EB584009B43E9 /* EpisodesViewModel.swift in Sources */ = {isa = PBXBuildFile; fileRef = C01C7B982C2EB584009B43E9 /* EpisodesViewModel.swift */; };
		C01C7B9C2C2EB6BD009B43E9 /* Locations.swift in Sources */ = {isa = PBXBuildFile; fileRef = C01C7B9B2C2EB6BD009B43E9 /* Locations.swift */; };
		C01C7B9E2C2EB72A009B43E9 /* LocationsViewModel.swift in Sources */ = {isa = PBXBuildFile; fileRef = C01C7B9D2C2EB72A009B43E9 /* LocationsViewModel.swift */; };
		C01C7BA22C2EB8AE009B43E9 /* LocationView.swift in Sources */ = {isa = PBXBuildFile; fileRef = C01C7BA12C2EB8AE009B43E9 /* LocationView.swift */; };
		C01C7BA52C2EBFE0009B43E9 /* LocationHelper.swift in Sources */ = {isa = PBXBuildFile; fileRef = C01C7BA42C2EBFE0009B43E9 /* LocationHelper.swift */; };
		C01C7BA72C2EC056009B43E9 /* EpisodeHelper.swift in Sources */ = {isa = PBXBuildFile; fileRef = C01C7BA62C2EC056009B43E9 /* EpisodeHelper.swift */; };
		C01C7BA92C2EC0E3009B43E9 /* CharacterHelper.swift in Sources */ = {isa = PBXBuildFile; fileRef = C01C7BA82C2EC0E3009B43E9 /* CharacterHelper.swift */; };
		C01C7BAB2C2ECA48009B43E9 /* RickandMortyError.swift in Sources */ = {isa = PBXBuildFile; fileRef = C01C7BAA2C2ECA48009B43E9 /* RickandMortyError.swift */; };
		C08814332C2DF2770007DACD /* Rick_and_MortyApp.swift in Sources */ = {isa = PBXBuildFile; fileRef = C08814322C2DF2770007DACD /* Rick_and_MortyApp.swift */; };
		C08814352C2DF2770007DACD /* HomeView.swift in Sources */ = {isa = PBXBuildFile; fileRef = C08814342C2DF2770007DACD /* HomeView.swift */; };
		C08814372C2DF2780007DACD /* Assets.xcassets in Resources */ = {isa = PBXBuildFile; fileRef = C08814362C2DF2780007DACD /* Assets.xcassets */; };
		C088143A2C2DF2780007DACD /* Preview Assets.xcassets in Resources */ = {isa = PBXBuildFile; fileRef = C08814392C2DF2780007DACD /* Preview Assets.xcassets */; };
		C08814412C2DF2970007DACD /* Characters.swift in Sources */ = {isa = PBXBuildFile; fileRef = C08814402C2DF2970007DACD /* Characters.swift */; };
		C08814432C2DF3F00007DACD /* CharactersViewModel.swift in Sources */ = {isa = PBXBuildFile; fileRef = C08814422C2DF3F00007DACD /* CharactersViewModel.swift */; };
		C08814452C2DFEB70007DACD /* DetailsView.swift in Sources */ = {isa = PBXBuildFile; fileRef = C08814442C2DFEB70007DACD /* DetailsView.swift */; };
/* End PBXBuildFile section */

/* Begin PBXFileReference section */
		C01C7B8E2C2E8689009B43E9 /* Episodes.swift */ = {isa = PBXFileReference; lastKnownFileType = sourcecode.swift; path = Episodes.swift; sourceTree = "<group>"; };
		C01C7B922C2E9B8D009B43E9 /* EpisodeView.swift */ = {isa = PBXFileReference; lastKnownFileType = sourcecode.swift; path = EpisodeView.swift; sourceTree = "<group>"; };
		C01C7B942C2EA637009B43E9 /* TabBar.swift */ = {isa = PBXFileReference; lastKnownFileType = sourcecode.swift; path = TabBar.swift; sourceTree = "<group>"; };
		C01C7B962C2EAA4F009B43E9 /* CustomTabView.swift */ = {isa = PBXFileReference; lastKnownFileType = sourcecode.swift; path = CustomTabView.swift; sourceTree = "<group>"; };
		C01C7B982C2EB584009B43E9 /* EpisodesViewModel.swift */ = {isa = PBXFileReference; lastKnownFileType = sourcecode.swift; path = EpisodesViewModel.swift; sourceTree = "<group>"; };
		C01C7B9B2C2EB6BD009B43E9 /* Locations.swift */ = {isa = PBXFileReference; lastKnownFileType = sourcecode.swift; path = Locations.swift; sourceTree = "<group>"; };
		C01C7B9D2C2EB72A009B43E9 /* LocationsViewModel.swift */ = {isa = PBXFileReference; lastKnownFileType = sourcecode.swift; path = LocationsViewModel.swift; sourceTree = "<group>"; };
		C01C7BA12C2EB8AE009B43E9 /* LocationView.swift */ = {isa = PBXFileReference; lastKnownFileType = sourcecode.swift; path = LocationView.swift; sourceTree = "<group>"; };
		C01C7BA42C2EBFE0009B43E9 /* LocationHelper.swift */ = {isa = PBXFileReference; lastKnownFileType = sourcecode.swift; path = LocationHelper.swift; sourceTree = "<group>"; };
		C01C7BA62C2EC056009B43E9 /* EpisodeHelper.swift */ = {isa = PBXFileReference; lastKnownFileType = sourcecode.swift; path = EpisodeHelper.swift; sourceTree = "<group>"; };
		C01C7BA82C2EC0E3009B43E9 /* CharacterHelper.swift */ = {isa = PBXFileReference; lastKnownFileType = sourcecode.swift; path = CharacterHelper.swift; sourceTree = "<group>"; };
		C01C7BAA2C2ECA48009B43E9 /* RickandMortyError.swift */ = {isa = PBXFileReference; lastKnownFileType = sourcecode.swift; path = RickandMortyError.swift; sourceTree = "<group>"; };
		C088142F2C2DF2770007DACD /* Rick and Morty.app */ = {isa = PBXFileReference; explicitFileType = wrapper.application; includeInIndex = 0; path = "Rick and Morty.app"; sourceTree = BUILT_PRODUCTS_DIR; };
		C08814322C2DF2770007DACD /* Rick_and_MortyApp.swift */ = {isa = PBXFileReference; lastKnownFileType = sourcecode.swift; path = Rick_and_MortyApp.swift; sourceTree = "<group>"; };
		C08814342C2DF2770007DACD /* HomeView.swift */ = {isa = PBXFileReference; lastKnownFileType = sourcecode.swift; path = HomeView.swift; sourceTree = "<group>"; };
		C08814362C2DF2780007DACD /* Assets.xcassets */ = {isa = PBXFileReference; lastKnownFileType = folder.assetcatalog; path = Assets.xcassets; sourceTree = "<group>"; };
		C08814392C2DF2780007DACD /* Preview Assets.xcassets */ = {isa = PBXFileReference; lastKnownFileType = folder.assetcatalog; path = "Preview Assets.xcassets"; sourceTree = "<group>"; };
		C08814402C2DF2970007DACD /* Characters.swift */ = {isa = PBXFileReference; lastKnownFileType = sourcecode.swift; path = Characters.swift; sourceTree = "<group>"; };
		C08814422C2DF3F00007DACD /* CharactersViewModel.swift */ = {isa = PBXFileReference; lastKnownFileType = sourcecode.swift; path = CharactersViewModel.swift; sourceTree = "<group>"; };
		C08814442C2DFEB70007DACD /* DetailsView.swift */ = {isa = PBXFileReference; lastKnownFileType = sourcecode.swift; path = DetailsView.swift; sourceTree = "<group>"; };
/* End PBXFileReference section */

/* Begin PBXFrameworksBuildPhase section */
		C088142C2C2DF2770007DACD /* Frameworks */ = {
			isa = PBXFrameworksBuildPhase;
			buildActionMask = 2147483647;
			files = (
			);
			runOnlyForDeploymentPostprocessing = 0;
		};
/* End PBXFrameworksBuildPhase section */

/* Begin PBXGroup section */
		C01C7B9A2C2EB610009B43E9 /* Components */ = {
			isa = PBXGroup;
			children = (
				C01C7B942C2EA637009B43E9 /* TabBar.swift */,
				C01C7B962C2EAA4F009B43E9 /* CustomTabView.swift */,
			);
			path = Components;
			sourceTree = "<group>";
		};
		C01C7BA32C2EBF8D009B43E9 /* Helpers */ = {
			isa = PBXGroup;
			children = (
				C01C7BA42C2EBFE0009B43E9 /* LocationHelper.swift */,
				C01C7BA62C2EC056009B43E9 /* EpisodeHelper.swift */,
				C01C7BA82C2EC0E3009B43E9 /* CharacterHelper.swift */,
			);
			path = Helpers;
			sourceTree = "<group>";
		};
		C08814262C2DF2770007DACD = {
			isa = PBXGroup;
			children = (
				C08814312C2DF2770007DACD /* Rick and Morty */,
				C08814302C2DF2770007DACD /* Products */,
			);
			sourceTree = "<group>";
		};
		C08814302C2DF2770007DACD /* Products */ = {
			isa = PBXGroup;
			children = (
				C088142F2C2DF2770007DACD /* Rick and Morty.app */,
			);
			name = Products;
			sourceTree = "<group>";
		};
		C08814312C2DF2770007DACD /* Rick and Morty */ = {
			isa = PBXGroup;
			children = (
				C01C7BA32C2EBF8D009B43E9 /* Helpers */,
				C01C7B9A2C2EB610009B43E9 /* Components */,
				C08814482C2E02370007DACD /* ViewModel */,
				C08814472C2E02330007DACD /* View */,
				C08814462C2E02290007DACD /* Model */,
				C08814322C2DF2770007DACD /* Rick_and_MortyApp.swift */,
				C08814362C2DF2780007DACD /* Assets.xcassets */,
				C08814382C2DF2780007DACD /* Preview Content */,
			);
			path = "Rick and Morty";
			sourceTree = "<group>";
		};
		C08814382C2DF2780007DACD /* Preview Content */ = {
			isa = PBXGroup;
			children = (
				C08814392C2DF2780007DACD /* Preview Assets.xcassets */,
			);
			path = "Preview Content";
			sourceTree = "<group>";
		};
		C08814462C2E02290007DACD /* Model */ = {
			isa = PBXGroup;
			children = (
				C08814402C2DF2970007DACD /* Characters.swift */,
				C01C7B8E2C2E8689009B43E9 /* Episodes.swift */,
				C01C7B9B2C2EB6BD009B43E9 /* Locations.swift */,
				C01C7BAA2C2ECA48009B43E9 /* RickandMortyError.swift */,
			);
			path = Model;
			sourceTree = "<group>";
		};
		C08814472C2E02330007DACD /* View */ = {
			isa = PBXGroup;
			children = (
				C08814442C2DFEB70007DACD /* DetailsView.swift */,
				C08814342C2DF2770007DACD /* HomeView.swift */,
				C01C7B922C2E9B8D009B43E9 /* EpisodeView.swift */,
				C01C7BA12C2EB8AE009B43E9 /* LocationView.swift */,
			);
			path = View;
			sourceTree = "<group>";
		};
		C08814482C2E02370007DACD /* ViewModel */ = {
			isa = PBXGroup;
			children = (
				C08814422C2DF3F00007DACD /* CharactersViewModel.swift */,
				C01C7B982C2EB584009B43E9 /* EpisodesViewModel.swift */,
				C01C7B9D2C2EB72A009B43E9 /* LocationsViewModel.swift */,
			);
			path = ViewModel;
			sourceTree = "<group>";
		};
/* End PBXGroup section */

/* Begin PBXNativeTarget section */
		C088142E2C2DF2770007DACD /* Rick and Morty */ = {
			isa = PBXNativeTarget;
			buildConfigurationList = C088143D2C2DF2780007DACD /* Build configuration list for PBXNativeTarget "Rick and Morty" */;
			buildPhases = (
				C088142B2C2DF2770007DACD /* Sources */,
				C088142C2C2DF2770007DACD /* Frameworks */,
				C088142D2C2DF2770007DACD /* Resources */,
			);
			buildRules = (
			);
			dependencies = (
			);
			name = "Rick and Morty";
			productName = "Rick and Morty";
			productReference = C088142F2C2DF2770007DACD /* Rick and Morty.app */;
			productType = "com.apple.product-type.application";
		};
/* End PBXNativeTarget section */

/* Begin PBXProject section */
		C08814272C2DF2770007DACD /* Project object */ = {
			isa = PBXProject;
			attributes = {
				BuildIndependentTargetsInParallel = 1;
				LastSwiftUpdateCheck = 1540;
				LastUpgradeCheck = 1540;
				TargetAttributes = {
					C088142E2C2DF2770007DACD = {
						CreatedOnToolsVersion = 15.4;
					};
				};
			};
			buildConfigurationList = C088142A2C2DF2770007DACD /* Build configuration list for PBXProject "Rick and Morty" */;
			compatibilityVersion = "Xcode 14.0";
			developmentRegion = en;
			hasScannedForEncodings = 0;
			knownRegions = (
				en,
				Base,
			);
			mainGroup = C08814262C2DF2770007DACD;
			productRefGroup = C08814302C2DF2770007DACD /* Products */;
			projectDirPath = "";
			projectRoot = "";
			targets = (
				C088142E2C2DF2770007DACD /* Rick and Morty */,
			);
		};
/* End PBXProject section */

/* Begin PBXResourcesBuildPhase section */
		C088142D2C2DF2770007DACD /* Resources */ = {
			isa = PBXResourcesBuildPhase;
			buildActionMask = 2147483647;
			files = (
				C088143A2C2DF2780007DACD /* Preview Assets.xcassets in Resources */,
				C08814372C2DF2780007DACD /* Assets.xcassets in Resources */,
			);
			runOnlyForDeploymentPostprocessing = 0;
		};
/* End PBXResourcesBuildPhase section */

/* Begin PBXSourcesBuildPhase section */
		C088142B2C2DF2770007DACD /* Sources */ = {
			isa = PBXSourcesBuildPhase;
			buildActionMask = 2147483647;
			files = (
				C01C7BA22C2EB8AE009B43E9 /* LocationView.swift in Sources */,
				C01C7BAB2C2ECA48009B43E9 /* RickandMortyError.swift in Sources */,
				C08814412C2DF2970007DACD /* Characters.swift in Sources */,
				C08814452C2DFEB70007DACD /* DetailsView.swift in Sources */,
				C08814432C2DF3F00007DACD /* CharactersViewModel.swift in Sources */,
				C01C7B952C2EA637009B43E9 /* TabBar.swift in Sources */,
				C01C7B8F2C2E8689009B43E9 /* Episodes.swift in Sources */,
				C01C7BA72C2EC056009B43E9 /* EpisodeHelper.swift in Sources */,
				C08814352C2DF2770007DACD /* HomeView.swift in Sources */,
				C01C7B992C2EB584009B43E9 /* EpisodesViewModel.swift in Sources */,
				C01C7B9E2C2EB72A009B43E9 /* LocationsViewModel.swift in Sources */,
				C01C7B972C2EAA4F009B43E9 /* CustomTabView.swift in Sources */,
				C01C7B932C2E9B8D009B43E9 /* EpisodeView.swift in Sources */,
				C01C7B9C2C2EB6BD009B43E9 /* Locations.swift in Sources */,
				C01C7BA92C2EC0E3009B43E9 /* CharacterHelper.swift in Sources */,
				C01C7BA52C2EBFE0009B43E9 /* LocationHelper.swift in Sources */,
				C08814332C2DF2770007DACD /* Rick_and_MortyApp.swift in Sources */,
			);
			runOnlyForDeploymentPostprocessing = 0;
		};
/* End PBXSourcesBuildPhase section */

/* Begin XCBuildConfiguration section */
		C088143B2C2DF2780007DACD /* Debug */ = {
			isa = XCBuildConfiguration;
			buildSettings = {
				ALWAYS_SEARCH_USER_PATHS = NO;
				ASSETCATALOG_COMPILER_GENERATE_SWIFT_ASSET_SYMBOL_EXTENSIONS = YES;
				CLANG_ANALYZER_NONNULL = YES;
				CLANG_ANALYZER_NUMBER_OBJECT_CONVERSION = YES_AGGRESSIVE;
				CLANG_CXX_LANGUAGE_STANDARD = "gnu++20";
				CLANG_ENABLE_MODULES = YES;
				CLANG_ENABLE_OBJC_ARC = YES;
				CLANG_ENABLE_OBJC_WEAK = YES;
				CLANG_WARN_BLOCK_CAPTURE_AUTORELEASING = YES;
				CLANG_WARN_BOOL_CONVERSION = YES;
				CLANG_WARN_COMMA = YES;
				CLANG_WARN_CONSTANT_CONVERSION = YES;
				CLANG_WARN_DEPRECATED_OBJC_IMPLEMENTATIONS = YES;
				CLANG_WARN_DIRECT_OBJC_ISA_USAGE = YES_ERROR;
				CLANG_WARN_DOCUMENTATION_COMMENTS = YES;
				CLANG_WARN_EMPTY_BODY = YES;
				CLANG_WARN_ENUM_CONVERSION = YES;
				CLANG_WARN_INFINITE_RECURSION = YES;
				CLANG_WARN_INT_CONVERSION = YES;
				CLANG_WARN_NON_LITERAL_NULL_CONVERSION = YES;
				CLANG_WARN_OBJC_IMPLICIT_RETAIN_SELF = YES;
				CLANG_WARN_OBJC_LITERAL_CONVERSION = YES;
				CLANG_WARN_OBJC_ROOT_CLASS = YES_ERROR;
				CLANG_WARN_QUOTED_INCLUDE_IN_FRAMEWORK_HEADER = YES;
				CLANG_WARN_RANGE_LOOP_ANALYSIS = YES;
				CLANG_WARN_STRICT_PROTOTYPES = YES;
				CLANG_WARN_SUSPICIOUS_MOVE = YES;
				CLANG_WARN_UNGUARDED_AVAILABILITY = YES_AGGRESSIVE;
				CLANG_WARN_UNREACHABLE_CODE = YES;
				CLANG_WARN__DUPLICATE_METHOD_MATCH = YES;
				COPY_PHASE_STRIP = NO;
				DEBUG_INFORMATION_FORMAT = dwarf;
				ENABLE_STRICT_OBJC_MSGSEND = YES;
				ENABLE_TESTABILITY = YES;
				ENABLE_USER_SCRIPT_SANDBOXING = YES;
				GCC_C_LANGUAGE_STANDARD = gnu17;
				GCC_DYNAMIC_NO_PIC = NO;
				GCC_NO_COMMON_BLOCKS = YES;
				GCC_OPTIMIZATION_LEVEL = 0;
				GCC_PREPROCESSOR_DEFINITIONS = (
					"DEBUG=1",
					"$(inherited)",
				);
				GCC_WARN_64_TO_32_BIT_CONVERSION = YES;
				GCC_WARN_ABOUT_RETURN_TYPE = YES_ERROR;
				GCC_WARN_UNDECLARED_SELECTOR = YES;
				GCC_WARN_UNINITIALIZED_AUTOS = YES_AGGRESSIVE;
				GCC_WARN_UNUSED_FUNCTION = YES;
				GCC_WARN_UNUSED_VARIABLE = YES;
				IPHONEOS_DEPLOYMENT_TARGET = 17.5;
				LOCALIZATION_PREFERS_STRING_CATALOGS = YES;
				MTL_ENABLE_DEBUG_INFO = INCLUDE_SOURCE;
				MTL_FAST_MATH = YES;
				ONLY_ACTIVE_ARCH = YES;
				SDKROOT = iphoneos;
				SWIFT_ACTIVE_COMPILATION_CONDITIONS = "DEBUG $(inherited)";
				SWIFT_OPTIMIZATION_LEVEL = "-Onone";
			};
			name = Debug;
		};
		C088143C2C2DF2780007DACD /* Release */ = {
			isa = XCBuildConfiguration;
			buildSettings = {
				ALWAYS_SEARCH_USER_PATHS = NO;
				ASSETCATALOG_COMPILER_GENERATE_SWIFT_ASSET_SYMBOL_EXTENSIONS = YES;
				CLANG_ANALYZER_NONNULL = YES;
				CLANG_ANALYZER_NUMBER_OBJECT_CONVERSION = YES_AGGRESSIVE;
				CLANG_CXX_LANGUAGE_STANDARD = "gnu++20";
				CLANG_ENABLE_MODULES = YES;
				CLANG_ENABLE_OBJC_ARC = YES;
				CLANG_ENABLE_OBJC_WEAK = YES;
				CLANG_WARN_BLOCK_CAPTURE_AUTORELEASING = YES;
				CLANG_WARN_BOOL_CONVERSION = YES;
				CLANG_WARN_COMMA = YES;
				CLANG_WARN_CONSTANT_CONVERSION = YES;
				CLANG_WARN_DEPRECATED_OBJC_IMPLEMENTATIONS = YES;
				CLANG_WARN_DIRECT_OBJC_ISA_USAGE = YES_ERROR;
				CLANG_WARN_DOCUMENTATION_COMMENTS = YES;
				CLANG_WARN_EMPTY_BODY = YES;
				CLANG_WARN_ENUM_CONVERSION = YES;
				CLANG_WARN_INFINITE_RECURSION = YES;
				CLANG_WARN_INT_CONVERSION = YES;
				CLANG_WARN_NON_LITERAL_NULL_CONVERSION = YES;
				CLANG_WARN_OBJC_IMPLICIT_RETAIN_SELF = YES;
				CLANG_WARN_OBJC_LITERAL_CONVERSION = YES;
				CLANG_WARN_OBJC_ROOT_CLASS = YES_ERROR;
				CLANG_WARN_QUOTED_INCLUDE_IN_FRAMEWORK_HEADER = YES;
				CLANG_WARN_RANGE_LOOP_ANALYSIS = YES;
				CLANG_WARN_STRICT_PROTOTYPES = YES;
				CLANG_WARN_SUSPICIOUS_MOVE = YES;
				CLANG_WARN_UNGUARDED_AVAILABILITY = YES_AGGRESSIVE;
				CLANG_WARN_UNREACHABLE_CODE = YES;
				CLANG_WARN__DUPLICATE_METHOD_MATCH = YES;
				COPY_PHASE_STRIP = NO;
				DEBUG_INFORMATION_FORMAT = "dwarf-with-dsym";
				ENABLE_NS_ASSERTIONS = NO;
				ENABLE_STRICT_OBJC_MSGSEND = YES;
				ENABLE_USER_SCRIPT_SANDBOXING = YES;
				GCC_C_LANGUAGE_STANDARD = gnu17;
				GCC_NO_COMMON_BLOCKS = YES;
				GCC_WARN_64_TO_32_BIT_CONVERSION = YES;
				GCC_WARN_ABOUT_RETURN_TYPE = YES_ERROR;
				GCC_WARN_UNDECLARED_SELECTOR = YES;
				GCC_WARN_UNINITIALIZED_AUTOS = YES_AGGRESSIVE;
				GCC_WARN_UNUSED_FUNCTION = YES;
				GCC_WARN_UNUSED_VARIABLE = YES;
				IPHONEOS_DEPLOYMENT_TARGET = 17.5;
				LOCALIZATION_PREFERS_STRING_CATALOGS = YES;
				MTL_ENABLE_DEBUG_INFO = NO;
				MTL_FAST_MATH = YES;
				SDKROOT = iphoneos;
				SWIFT_COMPILATION_MODE = wholemodule;
				VALIDATE_PRODUCT = YES;
			};
			name = Release;
		};
		C088143E2C2DF2780007DACD /* Debug */ = {
			isa = XCBuildConfiguration;
			buildSettings = {
				ASSETCATALOG_COMPILER_APPICON_NAME = AppIcon;
				ASSETCATALOG_COMPILER_GLOBAL_ACCENT_COLOR_NAME = AccentColor;
				CODE_SIGN_STYLE = Automatic;
				CURRENT_PROJECT_VERSION = 1;
				DEVELOPMENT_ASSET_PATHS = "\"Rick and Morty/Preview Content\"";
				DEVELOPMENT_TEAM = PQ82KF7KP4;
				ENABLE_PREVIEWS = YES;
				GENERATE_INFOPLIST_FILE = YES;
				INFOPLIST_KEY_CFBundleDisplayName = "Ricky and Morty";
				INFOPLIST_KEY_UIApplicationSceneManifest_Generation = YES;
				INFOPLIST_KEY_UIApplicationSupportsIndirectInputEvents = YES;
				INFOPLIST_KEY_UILaunchScreen_Generation = YES;
				INFOPLIST_KEY_UISupportedInterfaceOrientations_iPad = "UIInterfaceOrientationPortrait UIInterfaceOrientationPortraitUpsideDown UIInterfaceOrientationLandscapeLeft UIInterfaceOrientationLandscapeRight";
				INFOPLIST_KEY_UISupportedInterfaceOrientations_iPhone = "UIInterfaceOrientationPortrait UIInterfaceOrientationLandscapeLeft UIInterfaceOrientationLandscapeRight";
				LD_RUNPATH_SEARCH_PATHS = (
					"$(inherited)",
					"@executable_path/Frameworks",
				);
				MARKETING_VERSION = 1.0;
				PRODUCT_BUNDLE_IDENTIFIER = "com.batuhanberkertekin.Rick-and-Morty";
				PRODUCT_NAME = "$(TARGET_NAME)";
				SWIFT_EMIT_LOC_STRINGS = YES;
				SWIFT_VERSION = 5.0;
				TARGETED_DEVICE_FAMILY = "1,2";
			};
			name = Debug;
		};
		C088143F2C2DF2780007DACD /* Release */ = {
			isa = XCBuildConfiguration;
			buildSettings = {
				ASSETCATALOG_COMPILER_APPICON_NAME = AppIcon;
				ASSETCATALOG_COMPILER_GLOBAL_ACCENT_COLOR_NAME = AccentColor;
				CODE_SIGN_STYLE = Automatic;
				CURRENT_PROJECT_VERSION = 1;
				DEVELOPMENT_ASSET_PATHS = "\"Rick and Morty/Preview Content\"";
				DEVELOPMENT_TEAM = PQ82KF7KP4;
				ENABLE_PREVIEWS = YES;
				GENERATE_INFOPLIST_FILE = YES;
				INFOPLIST_KEY_CFBundleDisplayName = "Ricky and Morty";
				INFOPLIST_KEY_UIApplicationSceneManifest_Generation = YES;
				INFOPLIST_KEY_UIApplicationSupportsIndirectInputEvents = YES;
				INFOPLIST_KEY_UILaunchScreen_Generation = YES;
				INFOPLIST_KEY_UISupportedInterfaceOrientations_iPad = "UIInterfaceOrientationPortrait UIInterfaceOrientationPortraitUpsideDown UIInterfaceOrientationLandscapeLeft UIInterfaceOrientationLandscapeRight";
				INFOPLIST_KEY_UISupportedInterfaceOrientations_iPhone = "UIInterfaceOrientationPortrait UIInterfaceOrientationLandscapeLeft UIInterfaceOrientationLandscapeRight";
				LD_RUNPATH_SEARCH_PATHS = (
					"$(inherited)",
					"@executable_path/Frameworks",
				);
				MARKETING_VERSION = 1.0;
				PRODUCT_BUNDLE_IDENTIFIER = "com.batuhanberkertekin.Rick-and-Morty";
				PRODUCT_NAME = "$(TARGET_NAME)";
				SWIFT_EMIT_LOC_STRINGS = YES;
				SWIFT_VERSION = 5.0;
				TARGETED_DEVICE_FAMILY = "1,2";
			};
			name = Release;
		};
/* End XCBuildConfiguration section */

/* Begin XCConfigurationList section */
		C088142A2C2DF2770007DACD /* Build configuration list for PBXProject "Rick and Morty" */ = {
			isa = XCConfigurationList;
			buildConfigurations = (
				C088143B2C2DF2780007DACD /* Debug */,
				C088143C2C2DF2780007DACD /* Release */,
			);
			defaultConfigurationIsVisible = 0;
			defaultConfigurationName = Release;
		};
		C088143D2C2DF2780007DACD /* Build configuration list for PBXNativeTarget "Rick and Morty" */ = {
			isa = XCConfigurationList;
			buildConfigurations = (
				C088143E2C2DF2780007DACD /* Debug */,
				C088143F2C2DF2780007DACD /* Release */,
			);
			defaultConfigurationIsVisible = 0;
			defaultConfigurationName = Release;
		};
/* End XCConfigurationList section */
	};
	rootObject = C08814272C2DF2770007DACD /* Project object */;
}
